
Microsoft Visual Studio Solution File, Format Version 12.00
# Visual Studio Version 16
VisualStudioVersion = 16.0.30503.244
MinimumVisualStudioVersion = 10.0.40219.1
Project("{FAE04EC0-301F-11D3-BF4B-00C04F79EFBC}") = "ManagementData.Web", "ManagementData.Web\ManagementData.Web.csproj", "{3388145D-0AED-4C6B-95CA-7A98635A2EA3}"
EndProject
Project("{FAE04EC0-301F-11D3-BF4B-00C04F79EFBC}") = "ManagementData.Service", "ManagementData.Service\ManagementData.Service.csproj", "{E506BF25-C31F-42AB-9F2F-093604BEA7D1}"
EndProject
Project("{FAE04EC0-301F-11D3-BF4B-00C04F79EFBC}") = "ManagementData.Entity", "Management.Entity\ManagementData.Entity.csproj", "{8113AF72-E5C7-4672-9941-22ECD321CB46}"
EndProject
Project("{FAE04EC0-301F-11D3-BF4B-00C04F79EFBC}") = "ManagementData.Common", "ManagementData.Common\ManagementData.Common.csproj", "{33ECECFD-B702-4CA6-9ADD-FFF42EDB11BF}"
EndProject
Global
	GlobalSection(SolutionConfigurationPlatforms) = preSolution
		Debug|Any CPU = Debug|Any CPU
		Release|Any CPU = Release|Any CPU
	EndGlobalSection
	GlobalSection(ProjectConfigurationPlatforms) = postSolution
		{3388145D-0AED-4C6B-95CA-7A98635A2EA3}.Debug|Any CPU.ActiveCfg = Debug|Any CPU
		{3388145D-0AED-4C6B-95CA-7A98635A2EA3}.Debug|Any CPU.Build.0 = Debug|Any CPU
		{3388145D-0AED-4C6B-95CA-7A98635A2EA3}.Release|Any CPU.ActiveCfg = Release|Any CPU
		{3388145D-0AED-4C6B-95CA-7A98635A2EA3}.Release|Any CPU.Build.0 = Release|Any CPU
		{E506BF25-C31F-42AB-9F2F-093604BEA7D1}.Debug|Any CPU.ActiveCfg = Debug|Any CPU
		{E506BF25-C31F-42AB-9F2F-093604BEA7D1}.Debug|Any CPU.Build.0 = Debug|Any CPU
		{E506BF25-C31F-42AB-9F2F-093604BEA7D1}.Release|Any CPU.ActiveCfg = Release|Any CPU
		{E506BF25-C31F-42AB-9F2F-093604BEA7D1}.Release|Any CPU.Build.0 = Release|Any CPU
		{8113AF72-E5C7-4672-9941-22ECD321CB46}.Debug|Any CPU.ActiveCfg = Debug|Any CPU
		{8113AF72-E5C7-4672-9941-22ECD321CB46}.Debug|Any CPU.Build.0 = Debug|Any CPU
		{8113AF72-E5C7-4672-9941-22ECD321CB46}.Release|Any CPU.ActiveCfg = Release|Any CPU
		{8113AF72-E5C7-4672-9941-22ECD321CB46}.Release|Any CPU.Build.0 = Release|Any CPU
		{33ECECFD-B702-4CA6-9ADD-FFF42EDB11BF}.Debug|Any CPU.ActiveCfg = Debug|Any CPU
		{33ECECFD-B702-4CA6-9ADD-FFF42EDB11BF}.Debug|Any CPU.Build.0 = Debug|Any CPU
		{33ECECFD-B702-4CA6-9ADD-FFF42EDB11BF}.Release|Any CPU.ActiveCfg = Release|Any CPU
		{33ECECFD-B702-4CA6-9ADD-FFF42EDB11BF}.Release|Any CPU.Build.0 = Release|Any CPU
	EndGlobalSection
	GlobalSection(SolutionProperties) = preSolution
		HideSolutionNode = FALSE
	EndGlobalSection
	GlobalSection(ExtensibilityGlobals) = postSolution
		SolutionGuid = {D3536C4E-BE0F-46A3-8C2D-B9505C74D27F}
	EndGlobalSection
EndGlobal
